
Microsoft Visual Studio Solution File, Format Version 12.00
# Visual Studio Version 16
VisualStudioVersion = 16.0.31129.286
MinimumVisualStudioVersion = 10.0.40219.1
Project("{8BC9CEB8-8B4A-11D0-8D11-00A0C91BC942}") = "BJSS_LBBT_CPP", "BJSS_LBBT_CPP\BJSS_LBBT_CPP.vcxproj", "{E65270A1-8100-4CBC-B143-8327895B4B20}"
EndProject
Project("{8BC9CEB8-8B4A-11D0-8D11-00A0C91BC942}") = "lbbtTest", "lbbtTest\lbbtTest.vcxproj", "{8B63A74A-04DC-40DF-9E9D-D4E84E7CFDDF}"
EndProject
Global
	GlobalSection(SolutionConfigurationPlatforms) = preSolution
		Debug|x64 = Debug|x64
		Debug|x86 = Debug|x86
		Release|x64 = Release|x64
		Release|x86 = Release|x86
	EndGlobalSection
	GlobalSection(ProjectConfigurationPlatforms) = postSolution
		{E65270A1-8100-4CBC-B143-8327895B4B20}.Debug|x64.ActiveCfg = Debug|x64
		{E65270A1-8100-4CBC-B143-8327895B4B20}.Debug|x64.Build.0 = Debug|x64
		{E65270A1-8100-4CBC-B143-8327895B4B20}.Debug|x86.ActiveCfg = Debug|Win32
		{E65270A1-8100-4CBC-B143-8327895B4B20}.Debug|x86.Build.0 = Debug|Win32
		{E65270A1-8100-4CBC-B143-8327895B4B20}.Release|x64.ActiveCfg = Release|x64
		{E65270A1-8100-4CBC-B143-8327895B4B20}.Release|x64.Build.0 = Release|x64
		{E65270A1-8100-4CBC-B143-8327895B4B20}.Release|x86.ActiveCfg = Release|Win32
		{E65270A1-8100-4CBC-B143-8327895B4B20}.Release|x86.Build.0 = Release|Win32
		{8B63A74A-04DC-40DF-9E9D-D4E84E7CFDDF}.Debug|x64.ActiveCfg = Debug|x64
		{8B63A74A-04DC-40DF-9E9D-D4E84E7CFDDF}.Debug|x64.Build.0 = Debug|x64
		{8B63A74A-04DC-40DF-9E9D-D4E84E7CFDDF}.Debug|x86.ActiveCfg = Debug|Win32
		{8B63A74A-04DC-40DF-9E9D-D4E84E7CFDDF}.Debug|x86.Build.0 = Debug|Win32
		{8B63A74A-04DC-40DF-9E9D-D4E84E7CFDDF}.Release|x64.ActiveCfg = Release|x64
		{8B63A74A-04DC-40DF-9E9D-D4E84E7CFDDF}.Release|x64.Build.0 = Release|x64
		{8B63A74A-04DC-40DF-9E9D-D4E84E7CFDDF}.Release|x86.ActiveCfg = Release|Win32
		{8B63A74A-04DC-40DF-9E9D-D4E84E7CFDDF}.Release|x86.Build.0 = Release|Win32
	EndGlobalSection
	GlobalSection(SolutionProperties) = preSolution
		HideSolutionNode = FALSE
	EndGlobalSection
	GlobalSection(ExtensibilityGlobals) = postSolution
		SolutionGuid = {B821FD24-2FD7-4298-BF4E-43EA306DC897}
	EndGlobalSection
EndGlobal
